// !$*UTF8*$!
{
	archiveVersion = 1;
	classes = {
	};
	objectVersion = 46;
	objects = {

/* Begin PBXBuildFile section */
		07911D5F1C5D597F0057807C /* main.m in Sources */ = {isa = PBXBuildFile; fileRef = 07911D5E1C5D597F0057807C /* main.m */; };
		07911D621C5D597F0057807C /* AppDelegate.m in Sources */ = {isa = PBXBuildFile; fileRef = 07911D611C5D597F0057807C /* AppDelegate.m */; };
		07911D651C5D597F0057807C /* ViewController.m in Sources */ = {isa = PBXBuildFile; fileRef = 07911D641C5D597F0057807C /* ViewController.m */; };
		07911D681C5D597F0057807C /* Main.storyboard in Resources */ = {isa = PBXBuildFile; fileRef = 07911D661C5D597F0057807C /* Main.storyboard */; };
		07911D6A1C5D597F0057807C /* Assets.xcassets in Resources */ = {isa = PBXBuildFile; fileRef = 07911D691C5D597F0057807C /* Assets.xcassets */; };
		07911D6D1C5D597F0057807C /* LaunchScreen.storyboard in Resources */ = {isa = PBXBuildFile; fileRef = 07911D6B1C5D597F0057807C /* LaunchScreen.storyboard */; };
/* End PBXBuildFile section */

/* Begin PBXFileReference section */
		07911D5A1C5D597F0057807C /* ScrollView.app */ = {isa = PBXFileReference; explicitFileType = wrapper.application; includeInIndex = 0; path = ScrollView.app; sourceTree = BUILT_PRODUCTS_DIR; };
		07911D5E1C5D597F0057807C /* main.m */ = {isa = PBXFileReference; lastKnownFileType = sourcecode.c.objc; path = main.m; sourceTree = "<group>"; };
		07911D601C5D597F0057807C /* AppDelegate.h */ = {isa = PBXFileReference; lastKnownFileType = sourcecode.c.h; path = AppDelegate.h; sourceTree = "<group>"; };
		07911D611C5D597F0057807C /* AppDelegate.m */ = {isa = PBXFileReference; lastKnownFileType = sourcecode.c.objc; path = AppDelegate.m; sourceTree = "<group>"; };
		07911D631C5D597F0057807C /* ViewController.h */ = {isa = PBXFileReference; lastKnownFileType = sourcecode.c.h; path = ViewController.h; sourceTree = "<group>"; };
		07911D641C5D597F0057807C /* ViewController.m */ = {isa = PBXFileReference; lastKnownFileType = sourcecode.c.objc; path = ViewController.m; sourceTree = "<group>"; };
		07911D671C5D597F0057807C /* Base */ = {isa = PBXFileReference; lastKnownFileType = file.storyboard; name = Base; path = Base.lproj/Main.storyboard; sourceTree = "<group>"; };
		07911D691C5D597F0057807C /* Assets.xcassets */ = {isa = PBXFileReference; lastKnownFileType = folder.assetcatalog; path = Assets.xcassets; sourceTree = "<group>"; };
		07911D6C1C5D597F0057807C /* Base */ = {isa = PBXFileReference; lastKnownFileType = file.storyboard; name = Base; path = Base.lproj/LaunchScreen.storyboard; sourceTree = "<group>"; };
		07911D6E1C5D597F0057807C /* Info.plist */ = {isa = PBXFileReference; lastKnownFileType = text.plist.xml; path = Info.plist; sourceTree = "<group>"; };
/* End PBXFileReference section */

/* Begin PBXFrameworksBuildPhase section */
		07911D571C5D597F0057807C /* Frameworks */ = {
			isa = PBXFrameworksBuildPhase;
			buildActionMask = 2147483647;
			files = (
			);
			runOnlyForDeploymentPostprocessing = 0;
		};
/* End PBXFrameworksBuildPhase section */

/* Begin PBXGroup section */
		07911D511C5D597F0057807C = {
			isa = PBXGroup;
			children = (
				07911D5C1C5D597F0057807C /* ScrollView */,
				07911D5B1C5D597F0057807C /* Products */,
			);
			sourceTree = "<group>";
		};
		07911D5B1C5D597F0057807C /* Products */ = {
			isa = PBXGroup;
			children = (
				07911D5A1C5D597F0057807C /* ScrollView.app */,
			);
			name = Products;
			sourceTree = "<group>";
		};
		07911D5C1C5D597F0057807C /* ScrollView */ = {
			isa = PBXGroup;
			children = (
				07911D601C5D597F0057807C /* AppDelegate.h */,
				07911D611C5D597F0057807C /* AppDelegate.m */,
				07911D631C5D597F0057807C /* ViewController.h */,
				07911D641C5D597F0057807C /* ViewController.m */,
				07911D661C5D597F0057807C /* Main.storyboard */,
				07911D691C5D597F0057807C /* Assets.xcassets */,
				07911D6B1C5D597F0057807C /* LaunchScreen.storyboard */,
				07911D6E1C5D597F0057807C /* Info.plist */,
				07911D5D1C5D597F0057807C /* Supporting Files */,
			);
			path = ScrollView;
			sourceTree = "<group>";
		};
		07911D5D1C5D597F0057807C /* Supporting Files */ = {
			isa = PBXGroup;
			children = (
				07911D5E1C5D597F0057807C /* main.m */,
			);
			name = "Supporting Files";
			sourceTree = "<group>";
		};
/* End PBXGroup section */

/* Begin PBXNativeTarget section */
		07911D591C5D597F0057807C /* ScrollView */ = {
			isa = PBXNativeTarget;
			buildConfigurationList = 07911D711C5D597F0057807C /* Build configuration list for PBXNativeTarget "ScrollView" */;
			buildPhases = (
				07911D561C5D597F0057807C /* Sources */,
				07911D571C5D597F0057807C /* Frameworks */,
				07911D581C5D597F0057807C /* Resources */,
			);
			buildRules = (
			);
			dependencies = (
			);
			name = ScrollView;
			productName = ScrollView;
			productReference = 07911D5A1C5D597F0057807C /* ScrollView.app */;
			productType = "com.apple.product-type.application";
		};
/* End PBXNativeTarget section */

/* Begin PBXProject section */
		07911D521C5D597F0057807C /* Project object */ = {
			isa = PBXProject;
			attributes = {
				LastUpgradeCheck = 0720;
				ORGANIZATIONNAME = Eric;
				TargetAttributes = {
					07911D591C5D597F0057807C = {
						CreatedOnToolsVersion = 7.2;
					};
				};
			};
			buildConfigurationList = 07911D551C5D597F0057807C /* Build configuration list for PBXProject "ScrollView" */;
			compatibilityVersion = "Xcode 3.2";
			developmentRegion = English;
			hasScannedForEncodings = 0;
			knownRegions = (
				en,
				Base,
			);
			mainGroup = 07911D511C5D597F0057807C;
			productRefGroup = 07911D5B1C5D597F0057807C /* Products */;
			projectDirPath = "";
			projectRoot = "";
			targets = (
				07911D591C5D597F0057807C /* ScrollView */,
			);
		};
/* End PBXProject section */

/* Begin PBXResourcesBuildPhase section */
		07911D581C5D597F0057807C /* Resources */ = {
			isa = PBXResourcesBuildPhase;
			buildActionMask = 2147483647;
			files = (
				07911D6D1C5D597F0057807C /* LaunchScreen.storyboard in Resources */,
				07911D6A1C5D597F0057807C /* Assets.xcassets in Resources */,
				07911D681C5D597F0057807C /* Main.storyboard in Resources */,
			);
			runOnlyForDeploymentPostprocessing = 0;
		};
/* End PBXResourcesBuildPhase section */

/* Begin PBXSourcesBuildPhase section */
		07911D561C5D597F0057807C /* Sources */ = {
			isa = PBXSourcesBuildPhase;
			buildActionMask = 2147483647;
			files = (
				07911D651C5D597F0057807C /* ViewController.m in Sources */,
				07911D621C5D597F0057807C /* AppDelegate.m in Sources */,
				07911D5F1C5D597F0057807C /* main.m in Sources */,
			);
			runOnlyForDeploymentPostprocessing = 0;
		};
/* End PBXSourcesBuildPhase section */

/* Begin PBXVariantGroup section */
		07911D661C5D597F0057807C /* Main.storyboard */ = {
			isa = PBXVariantGroup;
			children = (
				07911D671C5D597F0057807C /* Base */,
			);
			name = Main.storyboard;
			sourceTree = "<group>";
		};
		07911D6B1C5D597F0057807C /* LaunchScreen.storyboard */ = {
			isa = PBXVariantGroup;
			children = (
				07911D6C1C5D597F0057807C /* Base */,
			);
			name = LaunchScreen.storyboard;
			sourceTree = "<group>";
		};
/* End PBXVariantGroup section */

/* Begin XCBuildConfiguration section */
		07911D6F1C5D597F0057807C /* Debug */ = {
			isa = XCBuildConfiguration;
			buildSettings = {
				ALWAYS_SEARCH_USER_PATHS = NO;
				CLANG_CXX_LANGUAGE_STANDARD = "gnu++0x";
				CLANG_CXX_LIBRARY = "libc++";
				CLANG_ENABLE_MODULES = YES;
				CLANG_ENABLE_OBJC_ARC = YES;
				CLANG_WARN_BOOL_CONVERSION = YES;
				CLANG_WARN_CONSTANT_CONVERSION = YES;
				CLANG_WARN_DIRECT_OBJC_ISA_USAGE = YES_ERROR;
				CLANG_WARN_EMPTY_BODY = YES;
				CLANG_WARN_ENUM_CONVERSION = YES;
				CLANG_WARN_INT_CONVERSION = YES;
				CLANG_WARN_OBJC_ROOT_CLASS = YES_ERROR;
				CLANG_WARN_UNREACHABLE_CODE = YES;
				CLANG_WARN__DUPLICATE_METHOD_MATCH = YES;
				"CODE_SIGN_IDENTITY[sdk=iphoneos*]" = "iPhone Developer";
				COPY_PHASE_STRIP = NO;
				DEBUG_INFORMATION_FORMAT = dwarf;
				ENABLE_STRICT_OBJC_MSGSEND = YES;
				ENABLE_TESTABILITY = YES;
				GCC_C_LANGUAGE_STANDARD = gnu99;
				GCC_DYNAMIC_NO_PIC = NO;
				GCC_NO_COMMON_BLOCKS = YES;
				GCC_OPTIMIZATION_LEVEL = 0;
				GCC_PREPROCESSOR_DEFINITIONS = (
					"DEBUG=1",
					"$(inherited)",
				);
				GCC_WARN_64_TO_32_BIT_CONVERSION = YES;
				GCC_WARN_ABOUT_RETURN_TYPE = YES_ERROR;
				GCC_WARN_UNDECLARED_SELECTOR = YES;
				GCC_WARN_UNINITIALIZED_AUTOS = YES_AGGRESSIVE;
				GCC_WARN_UNUSED_FUNCTION = YES;
				GCC_WARN_UNUSED_VARIABLE = YES;
				IPHONEOS_DEPLOYMENT_TARGET = 9.2;
				MTL_ENABLE_DEBUG_INFO = YES;
				ONLY_ACTIVE_ARCH = YES;
				SDKROOT = iphoneos;
			};
			name = Debug;
		};
		07911D701C5D597F0057807C /* Release */ = {
			isa = XCBuildConfiguration;
			buildSettings = {
				ALWAYS_SEARCH_USER_PATHS = NO;
				CLANG_CXX_LANGUAGE_STANDARD = "gnu++0x";
				CLANG_CXX_LIBRARY = "libc++";
				CLANG_ENABLE_MODULES = YES;
				CLANG_ENABLE_OBJC_ARC = YES;
				CLANG_WARN_BOOL_CONVERSION = YES;
				CLANG_WARN_CONSTANT_CONVERSION = YES;
				CLANG_WARN_DIRECT_OBJC_ISA_USAGE = YES_ERROR;
				CLANG_WARN_EMPTY_BODY = YES;
				CLANG_WARN_ENUM_CONVERSION = YES;
				CLANG_WARN_INT_CONVERSION = YES;
				CLANG_WARN_OBJC_ROOT_CLASS = YES_ERROR;
				CLANG_WARN_UNREACHABLE_CODE = YES;
				CLANG_WARN__DUPLICATE_METHOD_MATCH = YES;
				"CODE_SIGN_IDENTITY[sdk=iphoneos*]" = "iPhone Developer";
				COPY_PHASE_STRIP = NO;
				DEBUG_INFORMATION_FORMAT = "dwarf-with-dsym";
				ENABLE_NS_ASSERTIONS = NO;
				ENABLE_STRICT_OBJC_MSGSEND = YES;
				GCC_C_LANGUAGE_STANDARD = gnu99;
				GCC_NO_COMMON_BLOCKS = YES;
				GCC_WARN_64_TO_32_BIT_CONVERSION = YES;
				GCC_WARN_ABOUT_RETURN_TYPE = YES_ERROR;
				GCC_WARN_UNDECLARED_SELECTOR = YES;
				GCC_WARN_UNINITIALIZED_AUTOS = YES_AGGRESSIVE;
				GCC_WARN_UNUSED_FUNCTION = YES;
				GCC_WARN_UNUSED_VARIABLE = YES;
				IPHONEOS_DEPLOYMENT_TARGET = 9.2;
				MTL_ENABLE_DEBUG_INFO = NO;
				SDKROOT = iphoneos;
				VALIDATE_PRODUCT = YES;
			};
			name = Release;
		};
		07911D721C5D597F0057807C /* Debug */ = {
			isa = XCBuildConfiguration;
			buildSettings = {
				ASSETCATALOG_COMPILER_APPICON_NAME = AppIcon;
				INFOPLIST_FILE = ScrollView/Info.plist;
				LD_RUNPATH_SEARCH_PATHS = "$(inherited) @executable_path/Frameworks";
				PRODUCT_BUNDLE_IDENTIFIER = Eric.ScrollView;
				PRODUCT_NAME = "$(TARGET_NAME)";
			};
			name = Debug;
		};
		07911D731C5D597F0057807C /* Release */ = {
			isa = XCBuildConfiguration;
			buildSettings = {
				ASSETCATALOG_COMPILER_APPICON_NAME = AppIcon;
				INFOPLIST_FILE = ScrollView/Info.plist;
				LD_RUNPATH_SEARCH_PATHS = "$(inherited) @executable_path/Frameworks";
				PRODUCT_BUNDLE_IDENTIFIER = Eric.ScrollView;
				PRODUCT_NAME = "$(TARGET_NAME)";
			};
			name = Release;
		};
/* End XCBuildConfiguration section */

/* Begin XCConfigurationList section */
		07911D551C5D597F0057807C /* Build configuration list for PBXProject "ScrollView" */ = {
			isa = XCConfigurationList;
			buildConfigurations = (
				07911D6F1C5D597F0057807C /* Debug */,
				07911D701C5D597F0057807C /* Release */,
			);
			defaultConfigurationIsVisible = 0;
			defaultConfigurationName = Release;
		};
		07911D711C5D597F0057807C /* Build configuration list for PBXNativeTarget "ScrollView" */ = {
			isa = XCConfigurationList;
			buildConfigurations = (
				07911D721C5D597F0057807C /* Debug */,
				07911D731C5D597F0057807C /* Release */,
			);
			defaultConfigurationIsVisible = 0;
		};
/* End XCConfigurationList section */
	};
	rootObject = 07911D521C5D597F0057807C /* Project object */;
}
